
Microsoft Visual Studio Solution File, Format Version 12.00
# Visual Studio Version 16
VisualStudioVersion = 16.0.30114.105
MinimumVisualStudioVersion = 10.0.40219.1
Project("{FAE04EC0-301F-11D3-BF4B-00C04F79EFBC}") = "minimal-api", "src\minimal-api.csproj", "{BEB2942E-DC9A-4F21-A57D-4523B184310C}"
EndProject
Global
	GlobalSection(SolutionConfigurationPlatforms) = preSolution
		Debug|Any CPU = Debug|Any CPU
		Release|Any CPU = Release|Any CPU
	EndGlobalSection
	GlobalSection(SolutionProperties) = preSolution
		HideSolutionNode = FALSE
	EndGlobalSection
	GlobalSection(ProjectConfigurationPlatforms) = postSolution
		{BEB2942E-DC9A-4F21-A57D-4523B184310C}.Debug|Any CPU.ActiveCfg = Debug|Any CPU
		{BEB2942E-DC9A-4F21-A57D-4523B184310C}.Debug|Any CPU.Build.0 = Debug|Any CPU
		{BEB2942E-DC9A-4F21-A57D-4523B184310C}.Release|Any CPU.ActiveCfg = Release|Any CPU
		{BEB2942E-DC9A-4F21-A57D-4523B184310C}.Release|Any CPU.Build.0 = Release|Any CPU
	EndGlobalSection
EndGlobal
